// !$*UTF8*$!
{
	archiveVersion = 1;
	classes = {
	};
	objectVersion = 77;
	objects = {

/* Begin PBXBuildFile section */
		16958A8636C66A5449673E50 /* Pods_swiftui_viper_rxswift.framework in Frameworks */ = {isa = PBXBuildFile; fileRef = BC8B5945C640BADA2EC26DFD /* Pods_swiftui_viper_rxswift.framework */; };
		22D9C705A58919AD692AA74B /* Pods_swiftui_viper_rxswiftTests.framework in Frameworks */ = {isa = PBXBuildFile; fileRef = 0B69B540D528C4B5C4F51A6E /* Pods_swiftui_viper_rxswiftTests.framework */; };
		7C212E4A2DCF0C36008BE4FC /* RxCocoa.framework in Frameworks */ = {isa = PBXBuildFile; fileRef = 7C212E472DCF0C36008BE4FC /* RxCocoa.framework */; };
		7C212E4B2DCF0C36008BE4FC /* RxCocoa.framework in Embed Frameworks */ = {isa = PBXBuildFile; fileRef = 7C212E472DCF0C36008BE4FC /* RxCocoa.framework */; settings = {ATTRIBUTES = (CodeSignOnCopy, RemoveHeadersOnCopy, ); }; };
		7C212E4C2DCF0C36008BE4FC /* RxRelay.framework in Frameworks */ = {isa = PBXBuildFile; fileRef = 7C212E482DCF0C36008BE4FC /* RxRelay.framework */; };
		7C212E4D2DCF0C36008BE4FC /* RxRelay.framework in Embed Frameworks */ = {isa = PBXBuildFile; fileRef = 7C212E482DCF0C36008BE4FC /* RxRelay.framework */; settings = {ATTRIBUTES = (CodeSignOnCopy, RemoveHeadersOnCopy, ); }; };
		7C212E4E2DCF0C36008BE4FC /* RxSwift.framework in Frameworks */ = {isa = PBXBuildFile; fileRef = 7C212E492DCF0C36008BE4FC /* RxSwift.framework */; };
		7C212E4F2DCF0C36008BE4FC /* RxSwift.framework in Embed Frameworks */ = {isa = PBXBuildFile; fileRef = 7C212E492DCF0C36008BE4FC /* RxSwift.framework */; settings = {ATTRIBUTES = (CodeSignOnCopy, RemoveHeadersOnCopy, ); }; };
		DB1A9F53901D6596D41F2048 /* Pods_swiftui_viper_rxswift_swiftui_viper_rxswiftUITests.framework in Frameworks */ = {isa = PBXBuildFile; fileRef = E5C67F31C5B909358617A959 /* Pods_swiftui_viper_rxswift_swiftui_viper_rxswiftUITests.framework */; };
/* End PBXBuildFile section */

/* Begin PBXContainerItemProxy section */
		7CA57D622DCE2F7300A87CE9 /* PBXContainerItemProxy */ = {
			isa = PBXContainerItemProxy;
			containerPortal = 7CA57D4C2DCE2F7200A87CE9 /* Project object */;
			proxyType = 1;
			remoteGlobalIDString = 7CA57D532DCE2F7200A87CE9;
			remoteInfo = "swiftui+viper+rxswift";
		};
		7CA57D6C2DCE2F7300A87CE9 /* PBXContainerItemProxy */ = {
			isa = PBXContainerItemProxy;
			containerPortal = 7CA57D4C2DCE2F7200A87CE9 /* Project object */;
			proxyType = 1;
			remoteGlobalIDString = 7CA57D532DCE2F7200A87CE9;
			remoteInfo = "swiftui+viper+rxswift";
		};
/* End PBXContainerItemProxy section */

/* Begin PBXCopyFilesBuildPhase section */
		7C212E502DCF0C36008BE4FC /* Embed Frameworks */ = {
			isa = PBXCopyFilesBuildPhase;
			buildActionMask = 2147483647;
			dstPath = "";
			dstSubfolderSpec = 10;
			files = (
				7C212E4D2DCF0C36008BE4FC /* RxRelay.framework in Embed Frameworks */,
				7C212E4B2DCF0C36008BE4FC /* RxCocoa.framework in Embed Frameworks */,
				7C212E4F2DCF0C36008BE4FC /* RxSwift.framework in Embed Frameworks */,
			);
			name = "Embed Frameworks";
			runOnlyForDeploymentPostprocessing = 0;
		};
/* End PBXCopyFilesBuildPhase section */

/* Begin PBXFileReference section */
		0B69B540D528C4B5C4F51A6E /* Pods_swiftui_viper_rxswiftTests.framework */ = {isa = PBXFileReference; explicitFileType = wrapper.framework; includeInIndex = 0; path = Pods_swiftui_viper_rxswiftTests.framework; sourceTree = BUILT_PRODUCTS_DIR; };
		12492B438E635D3C0F21B3CF /* Pods-swiftui+viper+rxswiftTests.debug.xcconfig */ = {isa = PBXFileReference; includeInIndex = 1; lastKnownFileType = text.xcconfig; name = "Pods-swiftui+viper+rxswiftTests.debug.xcconfig"; path = "Target Support Files/Pods-swiftui+viper+rxswiftTests/Pods-swiftui+viper+rxswiftTests.debug.xcconfig"; sourceTree = "<group>"; };
		143480F8F56891DC1A389782 /* Pods-swiftui+viper+rxswift.debug.xcconfig */ = {isa = PBXFileReference; includeInIndex = 1; lastKnownFileType = text.xcconfig; name = "Pods-swiftui+viper+rxswift.debug.xcconfig"; path = "Target Support Files/Pods-swiftui+viper+rxswift/Pods-swiftui+viper+rxswift.debug.xcconfig"; sourceTree = "<group>"; };
		3C7E748A52F803DC048C2C88 /* Pods-swiftui+viper+rxswiftTests.release.xcconfig */ = {isa = PBXFileReference; includeInIndex = 1; lastKnownFileType = text.xcconfig; name = "Pods-swiftui+viper+rxswiftTests.release.xcconfig"; path = "Target Support Files/Pods-swiftui+viper+rxswiftTests/Pods-swiftui+viper+rxswiftTests.release.xcconfig"; sourceTree = "<group>"; };
		5B5F6C4075B995334D0154F6 /* Pods-swiftui+viper+rxswift.release.xcconfig */ = {isa = PBXFileReference; includeInIndex = 1; lastKnownFileType = text.xcconfig; name = "Pods-swiftui+viper+rxswift.release.xcconfig"; path = "Target Support Files/Pods-swiftui+viper+rxswift/Pods-swiftui+viper+rxswift.release.xcconfig"; sourceTree = "<group>"; };
		74EAAB264BF2382A4BFAC171 /* Pods-swiftui+viper+rxswift-swiftui+viper+rxswiftUITests.debug.xcconfig */ = {isa = PBXFileReference; includeInIndex = 1; lastKnownFileType = text.xcconfig; name = "Pods-swiftui+viper+rxswift-swiftui+viper+rxswiftUITests.debug.xcconfig"; path = "Target Support Files/Pods-swiftui+viper+rxswift-swiftui+viper+rxswiftUITests/Pods-swiftui+viper+rxswift-swiftui+viper+rxswiftUITests.debug.xcconfig"; sourceTree = "<group>"; };
		7C212E472DCF0C36008BE4FC /* RxCocoa.framework */ = {isa = PBXFileReference; explicitFileType = wrapper.framework; path = RxCocoa.framework; sourceTree = BUILT_PRODUCTS_DIR; };
		7C212E482DCF0C36008BE4FC /* RxRelay.framework */ = {isa = PBXFileReference; explicitFileType = wrapper.framework; path = RxRelay.framework; sourceTree = BUILT_PRODUCTS_DIR; };
		7C212E492DCF0C36008BE4FC /* RxSwift.framework */ = {isa = PBXFileReference; explicitFileType = wrapper.framework; path = RxSwift.framework; sourceTree = BUILT_PRODUCTS_DIR; };
		7CA57D542DCE2F7200A87CE9 /* swiftui+viper+rxswift.app */ = {isa = PBXFileReference; explicitFileType = wrapper.application; includeInIndex = 0; path = "swiftui+viper+rxswift.app"; sourceTree = BUILT_PRODUCTS_DIR; };
		7CA57D612DCE2F7300A87CE9 /* swiftui+viper+rxswiftTests.xctest */ = {isa = PBXFileReference; explicitFileType = wrapper.cfbundle; includeInIndex = 0; path = "swiftui+viper+rxswiftTests.xctest"; sourceTree = BUILT_PRODUCTS_DIR; };
		7CA57D6B2DCE2F7300A87CE9 /* swiftui+viper+rxswiftUITests.xctest */ = {isa = PBXFileReference; explicitFileType = wrapper.cfbundle; includeInIndex = 0; path = "swiftui+viper+rxswiftUITests.xctest"; sourceTree = BUILT_PRODUCTS_DIR; };
		BC8B5945C640BADA2EC26DFD /* Pods_swiftui_viper_rxswift.framework */ = {isa = PBXFileReference; explicitFileType = wrapper.framework; includeInIndex = 0; path = Pods_swiftui_viper_rxswift.framework; sourceTree = BUILT_PRODUCTS_DIR; };
		C0680014E73937DC22A64193 /* Pods-swiftui+viper+rxswift-swiftui+viper+rxswiftUITests.release.xcconfig */ = {isa = PBXFileReference; includeInIndex = 1; lastKnownFileType = text.xcconfig; name = "Pods-swiftui+viper+rxswift-swiftui+viper+rxswiftUITests.release.xcconfig"; path = "Target Support Files/Pods-swiftui+viper+rxswift-swiftui+viper+rxswiftUITests/Pods-swiftui+viper+rxswift-swiftui+viper+rxswiftUITests.release.xcconfig"; sourceTree = "<group>"; };
		E5C67F31C5B909358617A959 /* Pods_swiftui_viper_rxswift_swiftui_viper_rxswiftUITests.framework */ = {isa = PBXFileReference; explicitFileType = wrapper.framework; includeInIndex = 0; path = Pods_swiftui_viper_rxswift_swiftui_viper_rxswiftUITests.framework; sourceTree = BUILT_PRODUCTS_DIR; };
/* End PBXFileReference section */

/* Begin PBXFileSystemSynchronizedRootGroup section */
		7CA57D562DCE2F7200A87CE9 /* swiftui+viper+rxswift */ = {
			isa = PBXFileSystemSynchronizedRootGroup;
			path = "swiftui+viper+rxswift";
			sourceTree = "<group>";
		};
		7CA57D642DCE2F7300A87CE9 /* swiftui+viper+rxswiftTests */ = {
			isa = PBXFileSystemSynchronizedRootGroup;
			path = "swiftui+viper+rxswiftTests";
			sourceTree = "<group>";
		};
		7CA57D6E2DCE2F7300A87CE9 /* swiftui+viper+rxswiftUITests */ = {
			isa = PBXFileSystemSynchronizedRootGroup;
			path = "swiftui+viper+rxswiftUITests";
			sourceTree = "<group>";
		};
/* End PBXFileSystemSynchronizedRootGroup section */

/* Begin PBXFrameworksBuildPhase section */
		7CA57D512DCE2F7200A87CE9 /* Frameworks */ = {
			isa = PBXFrameworksBuildPhase;
			buildActionMask = 2147483647;
			files = (
				7C212E4E2DCF0C36008BE4FC /* RxSwift.framework in Frameworks */,
				7C212E4A2DCF0C36008BE4FC /* RxCocoa.framework in Frameworks */,
				16958A8636C66A5449673E50 /* Pods_swiftui_viper_rxswift.framework in Frameworks */,
				7C212E4C2DCF0C36008BE4FC /* RxRelay.framework in Frameworks */,
			);
			runOnlyForDeploymentPostprocessing = 0;
		};
		7CA57D5E2DCE2F7300A87CE9 /* Frameworks */ = {
			isa = PBXFrameworksBuildPhase;
			buildActionMask = 2147483647;
			files = (
				22D9C705A58919AD692AA74B /* Pods_swiftui_viper_rxswiftTests.framework in Frameworks */,
			);
			runOnlyForDeploymentPostprocessing = 0;
		};
		7CA57D682DCE2F7300A87CE9 /* Frameworks */ = {
			isa = PBXFrameworksBuildPhase;
			buildActionMask = 2147483647;
			files = (
				DB1A9F53901D6596D41F2048 /* Pods_swiftui_viper_rxswift_swiftui_viper_rxswiftUITests.framework in Frameworks */,
			);
			runOnlyForDeploymentPostprocessing = 0;
		};
/* End PBXFrameworksBuildPhase section */

/* Begin PBXGroup section */
		06442BF96A18B29A734F64A8 /* Frameworks */ = {
			isa = PBXGroup;
			children = (
				7C212E472DCF0C36008BE4FC /* RxCocoa.framework */,
				7C212E482DCF0C36008BE4FC /* RxRelay.framework */,
				7C212E492DCF0C36008BE4FC /* RxSwift.framework */,
				BC8B5945C640BADA2EC26DFD /* Pods_swiftui_viper_rxswift.framework */,
				E5C67F31C5B909358617A959 /* Pods_swiftui_viper_rxswift_swiftui_viper_rxswiftUITests.framework */,
				0B69B540D528C4B5C4F51A6E /* Pods_swiftui_viper_rxswiftTests.framework */,
			);
			name = Frameworks;
			sourceTree = "<group>";
		};
		7CA57D4B2DCE2F7200A87CE9 = {
			isa = PBXGroup;
			children = (
				7CA57D562DCE2F7200A87CE9 /* swiftui+viper+rxswift */,
				7CA57D642DCE2F7300A87CE9 /* swiftui+viper+rxswiftTests */,
				7CA57D6E2DCE2F7300A87CE9 /* swiftui+viper+rxswiftUITests */,
				7CA57D552DCE2F7200A87CE9 /* Products */,
				FC61FFA51B0CD8282A590742 /* Pods */,
				06442BF96A18B29A734F64A8 /* Frameworks */,
			);
			sourceTree = "<group>";
		};
		7CA57D552DCE2F7200A87CE9 /* Products */ = {
			isa = PBXGroup;
			children = (
				7CA57D542DCE2F7200A87CE9 /* swiftui+viper+rxswift.app */,
				7CA57D612DCE2F7300A87CE9 /* swiftui+viper+rxswiftTests.xctest */,
				7CA57D6B2DCE2F7300A87CE9 /* swiftui+viper+rxswiftUITests.xctest */,
			);
			name = Products;
			sourceTree = "<group>";
		};
		FC61FFA51B0CD8282A590742 /* Pods */ = {
			isa = PBXGroup;
			children = (
				143480F8F56891DC1A389782 /* Pods-swiftui+viper+rxswift.debug.xcconfig */,
				5B5F6C4075B995334D0154F6 /* Pods-swiftui+viper+rxswift.release.xcconfig */,
				74EAAB264BF2382A4BFAC171 /* Pods-swiftui+viper+rxswift-swiftui+viper+rxswiftUITests.debug.xcconfig */,
				C0680014E73937DC22A64193 /* Pods-swiftui+viper+rxswift-swiftui+viper+rxswiftUITests.release.xcconfig */,
				12492B438E635D3C0F21B3CF /* Pods-swiftui+viper+rxswiftTests.debug.xcconfig */,
				3C7E748A52F803DC048C2C88 /* Pods-swiftui+viper+rxswiftTests.release.xcconfig */,
			);
			path = Pods;
			sourceTree = "<group>";
		};
/* End PBXGroup section */

/* Begin PBXNativeTarget section */
		7CA57D532DCE2F7200A87CE9 /* swiftui+viper+rxswift */ = {
			isa = PBXNativeTarget;
			buildConfigurationList = 7CA57D752DCE2F7300A87CE9 /* Build configuration list for PBXNativeTarget "swiftui+viper+rxswift" */;
			buildPhases = (
				28A8593198BC37768E750765 /* [CP] Check Pods Manifest.lock */,
				7CA57D502DCE2F7200A87CE9 /* Sources */,
				7CA57D512DCE2F7200A87CE9 /* Frameworks */,
				7CA57D522DCE2F7200A87CE9 /* Resources */,
				ADF0175F66B1E6618DAEC89E /* [CP] Embed Pods Frameworks */,
				7C212E502DCF0C36008BE4FC /* Embed Frameworks */,
			);
			buildRules = (
			);
			dependencies = (
			);
			fileSystemSynchronizedGroups = (
				7CA57D562DCE2F7200A87CE9 /* swiftui+viper+rxswift */,
			);
			name = "swiftui+viper+rxswift";
			productName = "swiftui+viper+rxswift";
			productReference = 7CA57D542DCE2F7200A87CE9 /* swiftui+viper+rxswift.app */;
			productType = "com.apple.product-type.application";
		};
		7CA57D602DCE2F7300A87CE9 /* swiftui+viper+rxswiftTests */ = {
			isa = PBXNativeTarget;
			buildConfigurationList = 7CA57D782DCE2F7300A87CE9 /* Build configuration list for PBXNativeTarget "swiftui+viper+rxswiftTests" */;
			buildPhases = (
				EAE6717462A6AF329F25D9B8 /* [CP] Check Pods Manifest.lock */,
				7CA57D5D2DCE2F7300A87CE9 /* Sources */,
				7CA57D5E2DCE2F7300A87CE9 /* Frameworks */,
				7CA57D5F2DCE2F7300A87CE9 /* Resources */,
				1398D22276C05DCAF33C9BC7 /* [CP] Embed Pods Frameworks */,
			);
			buildRules = (
			);
			dependencies = (
				7CA57D632DCE2F7300A87CE9 /* PBXTargetDependency */,
			);
			fileSystemSynchronizedGroups = (
				7CA57D642DCE2F7300A87CE9 /* swiftui+viper+rxswiftTests */,
			);
			name = "swiftui+viper+rxswiftTests";
			productName = "swiftui+viper+rxswiftTests";
			productReference = 7CA57D612DCE2F7300A87CE9 /* swiftui+viper+rxswiftTests.xctest */;
			productType = "com.apple.product-type.bundle.unit-test";
		};
		7CA57D6A2DCE2F7300A87CE9 /* swiftui+viper+rxswiftUITests */ = {
			isa = PBXNativeTarget;
			buildConfigurationList = 7CA57D7B2DCE2F7300A87CE9 /* Build configuration list for PBXNativeTarget "swiftui+viper+rxswiftUITests" */;
			buildPhases = (
				74ABA9DB3586C837D417B63F /* [CP] Check Pods Manifest.lock */,
				7CA57D672DCE2F7300A87CE9 /* Sources */,
				7CA57D682DCE2F7300A87CE9 /* Frameworks */,
				7CA57D692DCE2F7300A87CE9 /* Resources */,
				BF4F40EE6C9B2D18E66458A8 /* [CP] Embed Pods Frameworks */,
			);
			buildRules = (
			);
			dependencies = (
				7CA57D6D2DCE2F7300A87CE9 /* PBXTargetDependency */,
			);
			fileSystemSynchronizedGroups = (
				7CA57D6E2DCE2F7300A87CE9 /* swiftui+viper+rxswiftUITests */,
			);
			name = "swiftui+viper+rxswiftUITests";
			productName = "swiftui+viper+rxswiftUITests";
			productReference = 7CA57D6B2DCE2F7300A87CE9 /* swiftui+viper+rxswiftUITests.xctest */;
			productType = "com.apple.product-type.bundle.ui-testing";
		};
/* End PBXNativeTarget section */

/* Begin PBXProject section */
		7CA57D4C2DCE2F7200A87CE9 /* Project object */ = {
			isa = PBXProject;
			attributes = {
				BuildIndependentTargetsInParallel = 1;
				LastSwiftUpdateCheck = 1630;
				LastUpgradeCheck = 1630;
				TargetAttributes = {
					7CA57D532DCE2F7200A87CE9 = {
						CreatedOnToolsVersion = 16.3;
					};
					7CA57D602DCE2F7300A87CE9 = {
						CreatedOnToolsVersion = 16.3;
						TestTargetID = 7CA57D532DCE2F7200A87CE9;
					};
					7CA57D6A2DCE2F7300A87CE9 = {
						CreatedOnToolsVersion = 16.3;
						TestTargetID = 7CA57D532DCE2F7200A87CE9;
					};
				};
			};
			buildConfigurationList = 7CA57D4F2DCE2F7200A87CE9 /* Build configuration list for PBXProject "swiftui+viper+rxswift" */;
			developmentRegion = en;
			hasScannedForEncodings = 0;
			knownRegions = (
				en,
				Base,
			);
			mainGroup = 7CA57D4B2DCE2F7200A87CE9;
			minimizedProjectReferenceProxies = 1;
			preferredProjectObjectVersion = 77;
			productRefGroup = 7CA57D552DCE2F7200A87CE9 /* Products */;
			projectDirPath = "";
			projectRoot = "";
			targets = (
				7CA57D532DCE2F7200A87CE9 /* swiftui+viper+rxswift */,
				7CA57D602DCE2F7300A87CE9 /* swiftui+viper+rxswiftTests */,
				7CA57D6A2DCE2F7300A87CE9 /* swiftui+viper+rxswiftUITests */,
			);
		};
/* End PBXProject section */

/* Begin PBXResourcesBuildPhase section */
		7CA57D522DCE2F7200A87CE9 /* Resources */ = {
			isa = PBXResourcesBuildPhase;
			buildActionMask = 2147483647;
			files = (
			);
			runOnlyForDeploymentPostprocessing = 0;
		};
		7CA57D5F2DCE2F7300A87CE9 /* Resources */ = {
			isa = PBXResourcesBuildPhase;
			buildActionMask = 2147483647;
			files = (
			);
			runOnlyForDeploymentPostprocessing = 0;
		};
		7CA57D692DCE2F7300A87CE9 /* Resources */ = {
			isa = PBXResourcesBuildPhase;
			buildActionMask = 2147483647;
			files = (
			);
			runOnlyForDeploymentPostprocessing = 0;
		};
/* End PBXResourcesBuildPhase section */

/* Begin PBXShellScriptBuildPhase section */
		1398D22276C05DCAF33C9BC7 /* [CP] Embed Pods Frameworks */ = {
			isa = PBXShellScriptBuildPhase;
			buildActionMask = 2147483647;
			files = (
			);
			inputFileListPaths = (
				"${PODS_ROOT}/Target Support Files/Pods-swiftui+viper+rxswiftTests/Pods-swiftui+viper+rxswiftTests-frameworks-${CONFIGURATION}-input-files.xcfilelist",
			);
			inputPaths = (
			);
			name = "[CP] Embed Pods Frameworks";
			outputFileListPaths = (
				"${PODS_ROOT}/Target Support Files/Pods-swiftui+viper+rxswiftTests/Pods-swiftui+viper+rxswiftTests-frameworks-${CONFIGURATION}-output-files.xcfilelist",
			);
			outputPaths = (
			);
			runOnlyForDeploymentPostprocessing = 0;
			shellPath = /bin/sh;
			shellScript = "\"${PODS_ROOT}/Target Support Files/Pods-swiftui+viper+rxswiftTests/Pods-swiftui+viper+rxswiftTests-frameworks.sh\"\n";
			showEnvVarsInLog = 0;
		};
		28A8593198BC37768E750765 /* [CP] Check Pods Manifest.lock */ = {
			isa = PBXShellScriptBuildPhase;
			buildActionMask = 2147483647;
			files = (
			);
			inputFileListPaths = (
			);
			inputPaths = (
				"${PODS_PODFILE_DIR_PATH}/Podfile.lock",
				"${PODS_ROOT}/Manifest.lock",
			);
			name = "[CP] Check Pods Manifest.lock";
			outputFileListPaths = (
			);
			outputPaths = (
				"$(DERIVED_FILE_DIR)/Pods-swiftui+viper+rxswift-checkManifestLockResult.txt",
			);
			runOnlyForDeploymentPostprocessing = 0;
			shellPath = /bin/sh;
			shellScript = "diff \"${PODS_PODFILE_DIR_PATH}/Podfile.lock\" \"${PODS_ROOT}/Manifest.lock\" > /dev/null\nif [ $? != 0 ] ; then\n    # print error to STDERR\n    echo \"error: The sandbox is not in sync with the Podfile.lock. Run 'pod install' or update your CocoaPods installation.\" >&2\n    exit 1\nfi\n# This output is used by Xcode 'outputs' to avoid re-running this script phase.\necho \"SUCCESS\" > \"${SCRIPT_OUTPUT_FILE_0}\"\n";
			showEnvVarsInLog = 0;
		};
		74ABA9DB3586C837D417B63F /* [CP] Check Pods Manifest.lock */ = {
			isa = PBXShellScriptBuildPhase;
			buildActionMask = 2147483647;
			files = (
			);
			inputFileListPaths = (
			);
			inputPaths = (
				"${PODS_PODFILE_DIR_PATH}/Podfile.lock",
				"${PODS_ROOT}/Manifest.lock",
			);
			name = "[CP] Check Pods Manifest.lock";
			outputFileListPaths = (
			);
			outputPaths = (
				"$(DERIVED_FILE_DIR)/Pods-swiftui+viper+rxswift-swiftui+viper+rxswiftUITests-checkManifestLockResult.txt",
			);
			runOnlyForDeploymentPostprocessing = 0;
			shellPath = /bin/sh;
			shellScript = "diff \"${PODS_PODFILE_DIR_PATH}/Podfile.lock\" \"${PODS_ROOT}/Manifest.lock\" > /dev/null\nif [ $? != 0 ] ; then\n    # print error to STDERR\n    echo \"error: The sandbox is not in sync with the Podfile.lock. Run 'pod install' or update your CocoaPods installation.\" >&2\n    exit 1\nfi\n# This output is used by Xcode 'outputs' to avoid re-running this script phase.\necho \"SUCCESS\" > \"${SCRIPT_OUTPUT_FILE_0}\"\n";
			showEnvVarsInLog = 0;
		};
		ADF0175F66B1E6618DAEC89E /* [CP] Embed Pods Frameworks */ = {
			isa = PBXShellScriptBuildPhase;
			buildActionMask = 2147483647;
			files = (
			);
			inputFileListPaths = (
				"${PODS_ROOT}/Target Support Files/Pods-swiftui+viper+rxswift/Pods-swiftui+viper+rxswift-frameworks-${CONFIGURATION}-input-files.xcfilelist",
			);
			inputPaths = (
			);
			name = "[CP] Embed Pods Frameworks";
			outputFileListPaths = (
				"${PODS_ROOT}/Target Support Files/Pods-swiftui+viper+rxswift/Pods-swiftui+viper+rxswift-frameworks-${CONFIGURATION}-output-files.xcfilelist",
			);
			outputPaths = (
			);
			runOnlyForDeploymentPostprocessing = 0;
			shellPath = /bin/sh;
			shellScript = "\"${PODS_ROOT}/Target Support Files/Pods-swiftui+viper+rxswift/Pods-swiftui+viper+rxswift-frameworks.sh\"\n";
			showEnvVarsInLog = 0;
		};
		BF4F40EE6C9B2D18E66458A8 /* [CP] Embed Pods Frameworks */ = {
			isa = PBXShellScriptBuildPhase;
			buildActionMask = 2147483647;
			files = (
			);
			inputFileListPaths = (
				"${PODS_ROOT}/Target Support Files/Pods-swiftui+viper+rxswift-swiftui+viper+rxswiftUITests/Pods-swiftui+viper+rxswift-swiftui+viper+rxswiftUITests-frameworks-${CONFIGURATION}-input-files.xcfilelist",
			);
			inputPaths = (
			);
			name = "[CP] Embed Pods Frameworks";
			outputFileListPaths = (
				"${PODS_ROOT}/Target Support Files/Pods-swiftui+viper+rxswift-swiftui+viper+rxswiftUITests/Pods-swiftui+viper+rxswift-swiftui+viper+rxswiftUITests-frameworks-${CONFIGURATION}-output-files.xcfilelist",
			);
			outputPaths = (
			);
			runOnlyForDeploymentPostprocessing = 0;
			shellPath = /bin/sh;
			shellScript = "\"${PODS_ROOT}/Target Support Files/Pods-swiftui+viper+rxswift-swiftui+viper+rxswiftUITests/Pods-swiftui+viper+rxswift-swiftui+viper+rxswiftUITests-frameworks.sh\"\n";
			showEnvVarsInLog = 0;
		};
		EAE6717462A6AF329F25D9B8 /* [CP] Check Pods Manifest.lock */ = {
			isa = PBXShellScriptBuildPhase;
			buildActionMask = 2147483647;
			files = (
			);
			inputFileListPaths = (
			);
			inputPaths = (
				"${PODS_PODFILE_DIR_PATH}/Podfile.lock",
				"${PODS_ROOT}/Manifest.lock",
			);
			name = "[CP] Check Pods Manifest.lock";
			outputFileListPaths = (
			);
			outputPaths = (
				"$(DERIVED_FILE_DIR)/Pods-swiftui+viper+rxswiftTests-checkManifestLockResult.txt",
			);
			runOnlyForDeploymentPostprocessing = 0;
			shellPath = /bin/sh;
			shellScript = "diff \"${PODS_PODFILE_DIR_PATH}/Podfile.lock\" \"${PODS_ROOT}/Manifest.lock\" > /dev/null\nif [ $? != 0 ] ; then\n    # print error to STDERR\n    echo \"error: The sandbox is not in sync with the Podfile.lock. Run 'pod install' or update your CocoaPods installation.\" >&2\n    exit 1\nfi\n# This output is used by Xcode 'outputs' to avoid re-running this script phase.\necho \"SUCCESS\" > \"${SCRIPT_OUTPUT_FILE_0}\"\n";
			showEnvVarsInLog = 0;
		};
/* End PBXShellScriptBuildPhase section */

/* Begin PBXSourcesBuildPhase section */
		7CA57D502DCE2F7200A87CE9 /* Sources */ = {
			isa = PBXSourcesBuildPhase;
			buildActionMask = 2147483647;
			files = (
			);
			runOnlyForDeploymentPostprocessing = 0;
		};
		7CA57D5D2DCE2F7300A87CE9 /* Sources */ = {
			isa = PBXSourcesBuildPhase;
			buildActionMask = 2147483647;
			files = (
			);
			runOnlyForDeploymentPostprocessing = 0;
		};
		7CA57D672DCE2F7300A87CE9 /* Sources */ = {
			isa = PBXSourcesBuildPhase;
			buildActionMask = 2147483647;
			files = (
			);
			runOnlyForDeploymentPostprocessing = 0;
		};
/* End PBXSourcesBuildPhase section */

/* Begin PBXTargetDependency section */
		7CA57D632DCE2F7300A87CE9 /* PBXTargetDependency */ = {
			isa = PBXTargetDependency;
			target = 7CA57D532DCE2F7200A87CE9 /* swiftui+viper+rxswift */;
			targetProxy = 7CA57D622DCE2F7300A87CE9 /* PBXContainerItemProxy */;
		};
		7CA57D6D2DCE2F7300A87CE9 /* PBXTargetDependency */ = {
			isa = PBXTargetDependency;
			target = 7CA57D532DCE2F7200A87CE9 /* swiftui+viper+rxswift */;
			targetProxy = 7CA57D6C2DCE2F7300A87CE9 /* PBXContainerItemProxy */;
		};
/* End PBXTargetDependency section */

/* Begin XCBuildConfiguration section */
		7CA57D732DCE2F7300A87CE9 /* Debug */ = {
			isa = XCBuildConfiguration;
			buildSettings = {
				ALWAYS_SEARCH_USER_PATHS = NO;
				ASSETCATALOG_COMPILER_GENERATE_SWIFT_ASSET_SYMBOL_EXTENSIONS = YES;
				CLANG_ANALYZER_NONNULL = YES;
				CLANG_ANALYZER_NUMBER_OBJECT_CONVERSION = YES_AGGRESSIVE;
				CLANG_CXX_LANGUAGE_STANDARD = "gnu++20";
				CLANG_ENABLE_MODULES = YES;
				CLANG_ENABLE_OBJC_ARC = YES;
				CLANG_ENABLE_OBJC_WEAK = YES;
				CLANG_WARN_BLOCK_CAPTURE_AUTORELEASING = YES;
				CLANG_WARN_BOOL_CONVERSION = YES;
				CLANG_WARN_COMMA = YES;
				CLANG_WARN_CONSTANT_CONVERSION = YES;
				CLANG_WARN_DEPRECATED_OBJC_IMPLEMENTATIONS = YES;
				CLANG_WARN_DIRECT_OBJC_ISA_USAGE = YES_ERROR;
				CLANG_WARN_DOCUMENTATION_COMMENTS = YES;
				CLANG_WARN_EMPTY_BODY = YES;
				CLANG_WARN_ENUM_CONVERSION = YES;
				CLANG_WARN_INFINITE_RECURSION = YES;
				CLANG_WARN_INT_CONVERSION = YES;
				CLANG_WARN_NON_LITERAL_NULL_CONVERSION = YES;
				CLANG_WARN_OBJC_IMPLICIT_RETAIN_SELF = YES;
				CLANG_WARN_OBJC_LITERAL_CONVERSION = YES;
				CLANG_WARN_OBJC_ROOT_CLASS = YES_ERROR;
				CLANG_WARN_QUOTED_INCLUDE_IN_FRAMEWORK_HEADER = YES;
				CLANG_WARN_RANGE_LOOP_ANALYSIS = YES;
				CLANG_WARN_STRICT_PROTOTYPES = YES;
				CLANG_WARN_SUSPICIOUS_MOVE = YES;
				CLANG_WARN_UNGUARDED_AVAILABILITY = YES_AGGRESSIVE;
				CLANG_WARN_UNREACHABLE_CODE = YES;
				CLANG_WARN__DUPLICATE_METHOD_MATCH = YES;
				COPY_PHASE_STRIP = NO;
				DEBUG_INFORMATION_FORMAT = dwarf;
				ENABLE_STRICT_OBJC_MSGSEND = YES;
				ENABLE_TESTABILITY = YES;
				ENABLE_USER_SCRIPT_SANDBOXING = YES;
				GCC_C_LANGUAGE_STANDARD = gnu17;
				GCC_DYNAMIC_NO_PIC = NO;
				GCC_NO_COMMON_BLOCKS = YES;
				GCC_OPTIMIZATION_LEVEL = 0;
				GCC_PREPROCESSOR_DEFINITIONS = (
					"DEBUG=1",
					"$(inherited)",
				);
				GCC_WARN_64_TO_32_BIT_CONVERSION = YES;
				GCC_WARN_ABOUT_RETURN_TYPE = YES_ERROR;
				GCC_WARN_UNDECLARED_SELECTOR = YES;
				GCC_WARN_UNINITIALIZED_AUTOS = YES_AGGRESSIVE;
				GCC_WARN_UNUSED_FUNCTION = YES;
				GCC_WARN_UNUSED_VARIABLE = YES;
				IPHONEOS_DEPLOYMENT_TARGET = 18.4;
				LOCALIZATION_PREFERS_STRING_CATALOGS = YES;
				MTL_ENABLE_DEBUG_INFO = INCLUDE_SOURCE;
				MTL_FAST_MATH = YES;
				ONLY_ACTIVE_ARCH = YES;
				SDKROOT = iphoneos;
				SWIFT_ACTIVE_COMPILATION_CONDITIONS = "DEBUG $(inherited)";
				SWIFT_OPTIMIZATION_LEVEL = "-Onone";
			};
			name = Debug;
		};
		7CA57D742DCE2F7300A87CE9 /* Release */ = {
			isa = XCBuildConfiguration;
			buildSettings = {
				ALWAYS_SEARCH_USER_PATHS = NO;
				ASSETCATALOG_COMPILER_GENERATE_SWIFT_ASSET_SYMBOL_EXTENSIONS = YES;
				CLANG_ANALYZER_NONNULL = YES;
				CLANG_ANALYZER_NUMBER_OBJECT_CONVERSION = YES_AGGRESSIVE;
				CLANG_CXX_LANGUAGE_STANDARD = "gnu++20";
				CLANG_ENABLE_MODULES = YES;
				CLANG_ENABLE_OBJC_ARC = YES;
				CLANG_ENABLE_OBJC_WEAK = YES;
				CLANG_WARN_BLOCK_CAPTURE_AUTORELEASING = YES;
				CLANG_WARN_BOOL_CONVERSION = YES;
				CLANG_WARN_COMMA = YES;
				CLANG_WARN_CONSTANT_CONVERSION = YES;
				CLANG_WARN_DEPRECATED_OBJC_IMPLEMENTATIONS = YES;
				CLANG_WARN_DIRECT_OBJC_ISA_USAGE = YES_ERROR;
				CLANG_WARN_DOCUMENTATION_COMMENTS = YES;
				CLANG_WARN_EMPTY_BODY = YES;
				CLANG_WARN_ENUM_CONVERSION = YES;
				CLANG_WARN_INFINITE_RECURSION = YES;
				CLANG_WARN_INT_CONVERSION = YES;
				CLANG_WARN_NON_LITERAL_NULL_CONVERSION = YES;
				CLANG_WARN_OBJC_IMPLICIT_RETAIN_SELF = YES;
				CLANG_WARN_OBJC_LITERAL_CONVERSION = YES;
				CLANG_WARN_OBJC_ROOT_CLASS = YES_ERROR;
				CLANG_WARN_QUOTED_INCLUDE_IN_FRAMEWORK_HEADER = YES;
				CLANG_WARN_RANGE_LOOP_ANALYSIS = YES;
				CLANG_WARN_STRICT_PROTOTYPES = YES;
				CLANG_WARN_SUSPICIOUS_MOVE = YES;
				CLANG_WARN_UNGUARDED_AVAILABILITY = YES_AGGRESSIVE;
				CLANG_WARN_UNREACHABLE_CODE = YES;
				CLANG_WARN__DUPLICATE_METHOD_MATCH = YES;
				COPY_PHASE_STRIP = NO;
				DEBUG_INFORMATION_FORMAT = "dwarf-with-dsym";
				ENABLE_NS_ASSERTIONS = NO;
				ENABLE_STRICT_OBJC_MSGSEND = YES;
				ENABLE_USER_SCRIPT_SANDBOXING = YES;
				GCC_C_LANGUAGE_STANDARD = gnu17;
				GCC_NO_COMMON_BLOCKS = YES;
				GCC_WARN_64_TO_32_BIT_CONVERSION = YES;
				GCC_WARN_ABOUT_RETURN_TYPE = YES_ERROR;
				GCC_WARN_UNDECLARED_SELECTOR = YES;
				GCC_WARN_UNINITIALIZED_AUTOS = YES_AGGRESSIVE;
				GCC_WARN_UNUSED_FUNCTION = YES;
				GCC_WARN_UNUSED_VARIABLE = YES;
				IPHONEOS_DEPLOYMENT_TARGET = 18.4;
				LOCALIZATION_PREFERS_STRING_CATALOGS = YES;
				MTL_ENABLE_DEBUG_INFO = NO;
				MTL_FAST_MATH = YES;
				SDKROOT = iphoneos;
				SWIFT_COMPILATION_MODE = wholemodule;
				VALIDATE_PRODUCT = YES;
			};
			name = Release;
		};
		7CA57D762DCE2F7300A87CE9 /* Debug */ = {
			isa = XCBuildConfiguration;
			baseConfigurationReference = 143480F8F56891DC1A389782 /* Pods-swiftui+viper+rxswift.debug.xcconfig */;
			buildSettings = {
				ASSETCATALOG_COMPILER_APPICON_NAME = AppIcon;
				ASSETCATALOG_COMPILER_GLOBAL_ACCENT_COLOR_NAME = AccentColor;
				CODE_SIGN_STYLE = Automatic;
				CURRENT_PROJECT_VERSION = 1;
				ENABLE_PREVIEWS = YES;
				GENERATE_INFOPLIST_FILE = YES;
				INFOPLIST_KEY_UIApplicationSceneManifest_Generation = YES;
				INFOPLIST_KEY_UIApplicationSupportsIndirectInputEvents = YES;
				INFOPLIST_KEY_UILaunchScreen_Generation = YES;
				INFOPLIST_KEY_UISupportedInterfaceOrientations_iPad = "UIInterfaceOrientationPortrait UIInterfaceOrientationPortraitUpsideDown UIInterfaceOrientationLandscapeLeft UIInterfaceOrientationLandscapeRight";
				INFOPLIST_KEY_UISupportedInterfaceOrientations_iPhone = "UIInterfaceOrientationPortrait UIInterfaceOrientationLandscapeLeft UIInterfaceOrientationLandscapeRight";
				LD_RUNPATH_SEARCH_PATHS = (
					"$(inherited)",
					"@executable_path/Frameworks",
				);
				MARKETING_VERSION = 1.0;
				PRODUCT_BUNDLE_IDENTIFIER = "com.takumi.oigawa.swiftui-viper-rxswift";
				PRODUCT_NAME = "$(TARGET_NAME)";
				SWIFT_EMIT_LOC_STRINGS = YES;
				SWIFT_VERSION = 5.0;
				TARGETED_DEVICE_FAMILY = "1,2";
			};
			name = Debug;
		};
		7CA57D772DCE2F7300A87CE9 /* Release */ = {
			isa = XCBuildConfiguration;
			baseConfigurationReference = 5B5F6C4075B995334D0154F6 /* Pods-swiftui+viper+rxswift.release.xcconfig */;
			buildSettings = {
				ASSETCATALOG_COMPILER_APPICON_NAME = AppIcon;
				ASSETCATALOG_COMPILER_GLOBAL_ACCENT_COLOR_NAME = AccentColor;
				CODE_SIGN_STYLE = Automatic;
				CURRENT_PROJECT_VERSION = 1;
				ENABLE_PREVIEWS = YES;
				GENERATE_INFOPLIST_FILE = YES;
				INFOPLIST_KEY_UIApplicationSceneManifest_Generation = YES;
				INFOPLIST_KEY_UIApplicationSupportsIndirectInputEvents = YES;
				INFOPLIST_KEY_UILaunchScreen_Generation = YES;
				INFOPLIST_KEY_UISupportedInterfaceOrientations_iPad = "UIInterfaceOrientationPortrait UIInterfaceOrientationPortraitUpsideDown UIInterfaceOrientationLandscapeLeft UIInterfaceOrientationLandscapeRight";
				INFOPLIST_KEY_UISupportedInterfaceOrientations_iPhone = "UIInterfaceOrientationPortrait UIInterfaceOrientationLandscapeLeft UIInterfaceOrientationLandscapeRight";
				LD_RUNPATH_SEARCH_PATHS = (
					"$(inherited)",
					"@executable_path/Frameworks",
				);
				MARKETING_VERSION = 1.0;
				PRODUCT_BUNDLE_IDENTIFIER = "com.takumi.oigawa.swiftui-viper-rxswift";
				PRODUCT_NAME = "$(TARGET_NAME)";
				SWIFT_EMIT_LOC_STRINGS = YES;
				SWIFT_VERSION = 5.0;
				TARGETED_DEVICE_FAMILY = "1,2";
			};
			name = Release;
		};
		7CA57D792DCE2F7300A87CE9 /* Debug */ = {
			isa = XCBuildConfiguration;
			baseConfigurationReference = 12492B438E635D3C0F21B3CF /* Pods-swiftui+viper+rxswiftTests.debug.xcconfig */;
			buildSettings = {
				BUNDLE_LOADER = "$(TEST_HOST)";
				CODE_SIGN_STYLE = Automatic;
				CURRENT_PROJECT_VERSION = 1;
				GENERATE_INFOPLIST_FILE = YES;
				IPHONEOS_DEPLOYMENT_TARGET = 18.4;
				MARKETING_VERSION = 1.0;
				PRODUCT_BUNDLE_IDENTIFIER = "com.takumi.oigawa.swiftui-viper-rxswiftTests";
				PRODUCT_NAME = "$(TARGET_NAME)";
				SWIFT_EMIT_LOC_STRINGS = NO;
				SWIFT_VERSION = 5.0;
				TARGETED_DEVICE_FAMILY = "1,2";
				TEST_HOST = "$(BUILT_PRODUCTS_DIR)/swiftui+viper+rxswift.app/$(BUNDLE_EXECUTABLE_FOLDER_PATH)/swiftui+viper+rxswift";
			};
			name = Debug;
		};
		7CA57D7A2DCE2F7300A87CE9 /* Release */ = {
			isa = XCBuildConfiguration;
			baseConfigurationReference = 3C7E748A52F803DC048C2C88 /* Pods-swiftui+viper+rxswiftTests.release.xcconfig */;
			buildSettings = {
				BUNDLE_LOADER = "$(TEST_HOST)";
				CODE_SIGN_STYLE = Automatic;
				CURRENT_PROJECT_VERSION = 1;
				GENERATE_INFOPLIST_FILE = YES;
				IPHONEOS_DEPLOYMENT_TARGET = 18.4;
				MARKETING_VERSION = 1.0;
				PRODUCT_BUNDLE_IDENTIFIER = "com.takumi.oigawa.swiftui-viper-rxswiftTests";
				PRODUCT_NAME = "$(TARGET_NAME)";
				SWIFT_EMIT_LOC_STRINGS = NO;
				SWIFT_VERSION = 5.0;
				TARGETED_DEVICE_FAMILY = "1,2";
				TEST_HOST = "$(BUILT_PRODUCTS_DIR)/swiftui+viper+rxswift.app/$(BUNDLE_EXECUTABLE_FOLDER_PATH)/swiftui+viper+rxswift";
			};
			name = Release;
		};
		7CA57D7C2DCE2F7300A87CE9 /* Debug */ = {
			isa = XCBuildConfiguration;
			baseConfigurationReference = 74EAAB264BF2382A4BFAC171 /* Pods-swiftui+viper+rxswift-swiftui+viper+rxswiftUITests.debug.xcconfig */;
			buildSettings = {
				CODE_SIGN_STYLE = Automatic;
				CURRENT_PROJECT_VERSION = 1;
				GENERATE_INFOPLIST_FILE = YES;
				MARKETING_VERSION = 1.0;
				PRODUCT_BUNDLE_IDENTIFIER = "com.takumi.oigawa.swiftui-viper-rxswiftUITests";
				PRODUCT_NAME = "$(TARGET_NAME)";
				SWIFT_EMIT_LOC_STRINGS = NO;
				SWIFT_VERSION = 5.0;
				TARGETED_DEVICE_FAMILY = "1,2";
				TEST_TARGET_NAME = "swiftui+viper+rxswift";
			};
			name = Debug;
		};
		7CA57D7D2DCE2F7300A87CE9 /* Release */ = {
			isa = XCBuildConfiguration;
			baseConfigurationReference = C0680014E73937DC22A64193 /* Pods-swiftui+viper+rxswift-swiftui+viper+rxswiftUITests.release.xcconfig */;
			buildSettings = {
				CODE_SIGN_STYLE = Automatic;
				CURRENT_PROJECT_VERSION = 1;
				GENERATE_INFOPLIST_FILE = YES;
				MARKETING_VERSION = 1.0;
				PRODUCT_BUNDLE_IDENTIFIER = "com.takumi.oigawa.swiftui-viper-rxswiftUITests";
				PRODUCT_NAME = "$(TARGET_NAME)";
				SWIFT_EMIT_LOC_STRINGS = NO;
				SWIFT_VERSION = 5.0;
				TARGETED_DEVICE_FAMILY = "1,2";
				TEST_TARGET_NAME = "swiftui+viper+rxswift";
			};
			name = Release;
		};
/* End XCBuildConfiguration section */

/* Begin XCConfigurationList section */
		7CA57D4F2DCE2F7200A87CE9 /* Build configuration list for PBXProject "swiftui+viper+rxswift" */ = {
			isa = XCConfigurationList;
			buildConfigurations = (
				7CA57D732DCE2F7300A87CE9 /* Debug */,
				7CA57D742DCE2F7300A87CE9 /* Release */,
			);
			defaultConfigurationIsVisible = 0;
			defaultConfigurationName = Release;
		};
		7CA57D752DCE2F7300A87CE9 /* Build configuration list for PBXNativeTarget "swiftui+viper+rxswift" */ = {
			isa = XCConfigurationList;
			buildConfigurations = (
				7CA57D762DCE2F7300A87CE9 /* Debug */,
				7CA57D772DCE2F7300A87CE9 /* Release */,
			);
			defaultConfigurationIsVisible = 0;
			defaultConfigurationName = Release;
		};
		7CA57D782DCE2F7300A87CE9 /* Build configuration list for PBXNativeTarget "swiftui+viper+rxswiftTests" */ = {
			isa = XCConfigurationList;
			buildConfigurations = (
				7CA57D792DCE2F7300A87CE9 /* Debug */,
				7CA57D7A2DCE2F7300A87CE9 /* Release */,
			);
			defaultConfigurationIsVisible = 0;
			defaultConfigurationName = Release;
		};
		7CA57D7B2DCE2F7300A87CE9 /* Build configuration list for PBXNativeTarget "swiftui+viper+rxswiftUITests" */ = {
			isa = XCConfigurationList;
			buildConfigurations = (
				7CA57D7C2DCE2F7300A87CE9 /* Debug */,
				7CA57D7D2DCE2F7300A87CE9 /* Release */,
			);
			defaultConfigurationIsVisible = 0;
			defaultConfigurationName = Release;
		};
/* End XCConfigurationList section */
	};
	rootObject = 7CA57D4C2DCE2F7200A87CE9 /* Project object */;
}
